// !$*UTF8*$!
{
	archiveVersion = 1;
	classes = {
	};
	objectVersion = 50;
	objects = {

/* Begin PBXBuildFile section */
		0BECC66270ADCBB608D75C67 /* Pods_VetApp.framework in Frameworks */ = {isa = PBXBuildFile; fileRef = C3EF37773E16A7B4A8B41595 /* Pods_VetApp.framework */; };
		B60352232219A1680070583B /* AppDelegate.swift in Sources */ = {isa = PBXBuildFile; fileRef = B60352222219A1680070583B /* AppDelegate.swift */; };
		B60352252219A1680070583B /* PetController.swift in Sources */ = {isa = PBXBuildFile; fileRef = B60352242219A1680070583B /* PetController.swift */; };
		B60352272219A1680070583B /* DashboardController.swift in Sources */ = {isa = PBXBuildFile; fileRef = B60352262219A1680070583B /* DashboardController.swift */; };
		B603522A2219A1680070583B /* Main.storyboard in Resources */ = {isa = PBXBuildFile; fileRef = B60352282219A1680070583B /* Main.storyboard */; };
		B603522C2219A1690070583B /* Assets.xcassets in Resources */ = {isa = PBXBuildFile; fileRef = B603522B2219A1690070583B /* Assets.xcassets */; };
		B603522F2219A1690070583B /* LaunchScreen.storyboard in Resources */ = {isa = PBXBuildFile; fileRef = B603522D2219A1690070583B /* LaunchScreen.storyboard */; };
		B60352392219A6880070583B /* VetController.swift in Sources */ = {isa = PBXBuildFile; fileRef = B60352382219A6880070583B /* VetController.swift */; };
		B6035240221A4A840070583B /* SettingsController.swift in Sources */ = {isa = PBXBuildFile; fileRef = B603523F221A4A840070583B /* SettingsController.swift */; };
		B6035243221A603F0070583B /* Pet.swift in Sources */ = {isa = PBXBuildFile; fileRef = B6035242221A603F0070583B /* Pet.swift */; };
		B6035245221A61CB0070583B /* SpeciesRaces.swift in Sources */ = {isa = PBXBuildFile; fileRef = B6035244221A61CB0070583B /* SpeciesRaces.swift */; };
		B62877B8222DBA990018EFEC /* AuthenticationManager.swift in Sources */ = {isa = PBXBuildFile; fileRef = B62877B7222DBA990018EFEC /* AuthenticationManager.swift */; };
		B62C4F5022237EEE00B98C82 /* PetCell.swift in Sources */ = {isa = PBXBuildFile; fileRef = B62C4F4E22237EEE00B98C82 /* PetCell.swift */; };
		B62C4F5122237EEE00B98C82 /* PetCell.xib in Resources */ = {isa = PBXBuildFile; fileRef = B62C4F4F22237EEE00B98C82 /* PetCell.xib */; };
		B62C4F5522237F1500B98C82 /* AddPetCell.swift in Sources */ = {isa = PBXBuildFile; fileRef = B62C4F5322237F1500B98C82 /* AddPetCell.swift */; };
		B62C4F5622237F1500B98C82 /* AddPetCell.xib in Resources */ = {isa = PBXBuildFile; fileRef = B62C4F5422237F1500B98C82 /* AddPetCell.xib */; };
		B62C4F5C222444B200B98C82 /* Extensions.swift in Sources */ = {isa = PBXBuildFile; fileRef = B62C4F5B222444B200B98C82 /* Extensions.swift */; };
		B62C4F5E2224DAF100B98C82 /* CameraHandler.swift in Sources */ = {isa = PBXBuildFile; fileRef = B62C4F5D2224DAF100B98C82 /* CameraHandler.swift */; };
		B62C4F642225EA4E00B98C82 /* AuthenticationController.swift in Sources */ = {isa = PBXBuildFile; fileRef = B62C4F632225EA4E00B98C82 /* AuthenticationController.swift */; };
		B66BB0DA222C53D200E65473 /* RedAlertPop.swift in Sources */ = {isa = PBXBuildFile; fileRef = B66BB0D8222C53D200E65473 /* RedAlertPop.swift */; };
		B66BB0DB222C53D200E65473 /* RedAlertPop.xib in Resources */ = {isa = PBXBuildFile; fileRef = B66BB0D9222C53D200E65473 /* RedAlertPop.xib */; };
		B6773FFF2229E83C008F8BF2 /* RegisterController.swift in Sources */ = {isa = PBXBuildFile; fileRef = B6773FFE2229E83C008F8BF2 /* RegisterController.swift */; };
		B678993122277CE80097530C /* FredokaOne-Regular.otf in Resources */ = {isa = PBXBuildFile; fileRef = B678992F22277CE70097530C /* FredokaOne-Regular.otf */; };
		B678993222277CE80097530C /* Fredoka dingbats.otf in Resources */ = {isa = PBXBuildFile; fileRef = B678993022277CE80097530C /* Fredoka dingbats.otf */; };
		B681EFD4221B3D8500661118 /* ConfigPetController.swift in Sources */ = {isa = PBXBuildFile; fileRef = B681EFD3221B3D8500661118 /* ConfigPetController.swift */; };
		B6D75A1B22272BB40051193D /* GoogleService-Info.plist in Resources */ = {isa = PBXBuildFile; fileRef = B6D75A1A22272BB30051193D /* GoogleService-Info.plist */; };
/* End PBXBuildFile section */

/* Begin PBXFileReference section */
		509AB7DDBF5D9F8D89D8B02F /* Pods-VetApp.debug.xcconfig */ = {isa = PBXFileReference; includeInIndex = 1; lastKnownFileType = text.xcconfig; name = "Pods-VetApp.debug.xcconfig"; path = "Target Support Files/Pods-VetApp/Pods-VetApp.debug.xcconfig"; sourceTree = "<group>"; };
		B603521F2219A1680070583B /* VetApp.app */ = {isa = PBXFileReference; explicitFileType = wrapper.application; includeInIndex = 0; path = VetApp.app; sourceTree = BUILT_PRODUCTS_DIR; };
		B60352222219A1680070583B /* AppDelegate.swift */ = {isa = PBXFileReference; lastKnownFileType = sourcecode.swift; path = AppDelegate.swift; sourceTree = "<group>"; };
		B60352242219A1680070583B /* PetController.swift */ = {isa = PBXFileReference; lastKnownFileType = sourcecode.swift; path = PetController.swift; sourceTree = "<group>"; };
		B60352262219A1680070583B /* DashboardController.swift */ = {isa = PBXFileReference; lastKnownFileType = sourcecode.swift; path = DashboardController.swift; sourceTree = "<group>"; };
		B60352292219A1680070583B /* Base */ = {isa = PBXFileReference; lastKnownFileType = file.storyboard; name = Base; path = Base.lproj/Main.storyboard; sourceTree = "<group>"; };
		B603522B2219A1690070583B /* Assets.xcassets */ = {isa = PBXFileReference; lastKnownFileType = folder.assetcatalog; path = Assets.xcassets; sourceTree = "<group>"; };
		B603522E2219A1690070583B /* Base */ = {isa = PBXFileReference; lastKnownFileType = file.storyboard; name = Base; path = Base.lproj/LaunchScreen.storyboard; sourceTree = "<group>"; };
		B60352302219A1690070583B /* Info.plist */ = {isa = PBXFileReference; lastKnownFileType = text.plist.xml; path = Info.plist; sourceTree = "<group>"; };
		B60352382219A6880070583B /* VetController.swift */ = {isa = PBXFileReference; lastKnownFileType = sourcecode.swift; path = VetController.swift; sourceTree = "<group>"; };
		B603523F221A4A840070583B /* SettingsController.swift */ = {isa = PBXFileReference; lastKnownFileType = sourcecode.swift; path = SettingsController.swift; sourceTree = "<group>"; };
		B6035242221A603F0070583B /* Pet.swift */ = {isa = PBXFileReference; lastKnownFileType = sourcecode.swift; path = Pet.swift; sourceTree = "<group>"; };
		B6035244221A61CB0070583B /* SpeciesRaces.swift */ = {isa = PBXFileReference; lastKnownFileType = sourcecode.swift; path = SpeciesRaces.swift; sourceTree = "<group>"; };
		B62877B7222DBA990018EFEC /* AuthenticationManager.swift */ = {isa = PBXFileReference; lastKnownFileType = sourcecode.swift; path = AuthenticationManager.swift; sourceTree = "<group>"; };
		B62C4F4E22237EEE00B98C82 /* PetCell.swift */ = {isa = PBXFileReference; fileEncoding = 4; lastKnownFileType = sourcecode.swift; path = PetCell.swift; sourceTree = "<group>"; };
		B62C4F4F22237EEE00B98C82 /* PetCell.xib */ = {isa = PBXFileReference; fileEncoding = 4; lastKnownFileType = file.xib; path = PetCell.xib; sourceTree = "<group>"; };
		B62C4F5322237F1500B98C82 /* AddPetCell.swift */ = {isa = PBXFileReference; lastKnownFileType = sourcecode.swift; path = AddPetCell.swift; sourceTree = "<group>"; };
		B62C4F5422237F1500B98C82 /* AddPetCell.xib */ = {isa = PBXFileReference; lastKnownFileType = file.xib; path = AddPetCell.xib; sourceTree = "<group>"; };
		B62C4F5B222444B200B98C82 /* Extensions.swift */ = {isa = PBXFileReference; lastKnownFileType = sourcecode.swift; path = Extensions.swift; sourceTree = "<group>"; };
		B62C4F5D2224DAF100B98C82 /* CameraHandler.swift */ = {isa = PBXFileReference; lastKnownFileType = sourcecode.swift; path = CameraHandler.swift; sourceTree = "<group>"; };
		B62C4F632225EA4E00B98C82 /* AuthenticationController.swift */ = {isa = PBXFileReference; lastKnownFileType = sourcecode.swift; path = AuthenticationController.swift; sourceTree = "<group>"; };
		B66BB0D8222C53D200E65473 /* RedAlertPop.swift */ = {isa = PBXFileReference; lastKnownFileType = sourcecode.swift; path = RedAlertPop.swift; sourceTree = "<group>"; };
		B66BB0D9222C53D200E65473 /* RedAlertPop.xib */ = {isa = PBXFileReference; lastKnownFileType = file.xib; path = RedAlertPop.xib; sourceTree = "<group>"; };
		B6773FFC2229CFBA008F8BF2 /* en */ = {isa = PBXFileReference; lastKnownFileType = text.plist.strings; name = en; path = en.lproj/LaunchScreen.strings; sourceTree = "<group>"; };
		B6773FFD2229CFBC008F8BF2 /* en */ = {isa = PBXFileReference; lastKnownFileType = text.plist.strings; name = en; path = en.lproj/Main.strings; sourceTree = "<group>"; };
		B6773FFE2229E83C008F8BF2 /* RegisterController.swift */ = {isa = PBXFileReference; lastKnownFileType = sourcecode.swift; path = RegisterController.swift; sourceTree = "<group>"; };
		B678992F22277CE70097530C /* FredokaOne-Regular.otf */ = {isa = PBXFileReference; lastKnownFileType = file; path = "FredokaOne-Regular.otf"; sourceTree = "<group>"; };
		B678993022277CE80097530C /* Fredoka dingbats.otf */ = {isa = PBXFileReference; lastKnownFileType = file; path = "Fredoka dingbats.otf"; sourceTree = "<group>"; };
		B681EFD3221B3D8500661118 /* ConfigPetController.swift */ = {isa = PBXFileReference; lastKnownFileType = sourcecode.swift; path = ConfigPetController.swift; sourceTree = "<group>"; };
		B69E46B422284953005A0880 /* VetApp.entitlements */ = {isa = PBXFileReference; lastKnownFileType = text.plist.entitlements; path = VetApp.entitlements; sourceTree = "<group>"; };
		B6D75A1A22272BB30051193D /* GoogleService-Info.plist */ = {isa = PBXFileReference; fileEncoding = 4; lastKnownFileType = text.plist.xml; path = "GoogleService-Info.plist"; sourceTree = "<group>"; };
		C3EF37773E16A7B4A8B41595 /* Pods_VetApp.framework */ = {isa = PBXFileReference; explicitFileType = wrapper.framework; includeInIndex = 0; path = Pods_VetApp.framework; sourceTree = BUILT_PRODUCTS_DIR; };
		F4AFCDCE617D39C73118DCD3 /* Pods-VetApp.release.xcconfig */ = {isa = PBXFileReference; includeInIndex = 1; lastKnownFileType = text.xcconfig; name = "Pods-VetApp.release.xcconfig"; path = "Target Support Files/Pods-VetApp/Pods-VetApp.release.xcconfig"; sourceTree = "<group>"; };
/* End PBXFileReference section */

/* Begin PBXFrameworksBuildPhase section */
		B603521C2219A1680070583B /* Frameworks */ = {
			isa = PBXFrameworksBuildPhase;
			buildActionMask = 2147483647;
			files = (
				0BECC66270ADCBB608D75C67 /* Pods_VetApp.framework in Frameworks */,
			);
			runOnlyForDeploymentPostprocessing = 0;
		};
/* End PBXFrameworksBuildPhase section */

/* Begin PBXGroup section */
		B60352162219A1670070583B = {
			isa = PBXGroup;
			children = (
				B60352212219A1680070583B /* VetApp */,
				B60352202219A1680070583B /* Products */,
				C1FF455A77817EE245388CB8 /* Pods */,
				F7AFACA2385808FD3F0DB19E /* Frameworks */,
			);
			sourceTree = "<group>";
		};
		B60352202219A1680070583B /* Products */ = {
			isa = PBXGroup;
			children = (
				B603521F2219A1680070583B /* VetApp.app */,
			);
			name = Products;
			sourceTree = "<group>";
		};
		B60352212219A1680070583B /* VetApp */ = {
			isa = PBXGroup;
			children = (
				B69E46B422284953005A0880 /* VetApp.entitlements */,
				B678992E22277CBF0097530C /* Fonts */,
				B62C4F472223751600B98C82 /* View */,
				B6035241221A602E0070583B /* Model */,
				B603523B2219AED20070583B /* Controller */,
				B603523E2219AF0E0070583B /* Supporting Files */,
				B603522B2219A1690070583B /* Assets.xcassets */,
			);
			path = VetApp;
			sourceTree = "<group>";
		};
		B603523B2219AED20070583B /* Controller */ = {
			isa = PBXGroup;
			children = (
				B62C4F632225EA4E00B98C82 /* AuthenticationController.swift */,
				B6773FFE2229E83C008F8BF2 /* RegisterController.swift */,
				B60352262219A1680070583B /* DashboardController.swift */,
				B60352242219A1680070583B /* PetController.swift */,
				B681EFD3221B3D8500661118 /* ConfigPetController.swift */,
				B60352382219A6880070583B /* VetController.swift */,
				B603523F221A4A840070583B /* SettingsController.swift */,
			);
			name = Controller;
			sourceTree = "<group>";
		};
		B603523E2219AF0E0070583B /* Supporting Files */ = {
			isa = PBXGroup;
			children = (
				B60352222219A1680070583B /* AppDelegate.swift */,
				B62877B7222DBA990018EFEC /* AuthenticationManager.swift */,
				B62C4F5B222444B200B98C82 /* Extensions.swift */,
				B62C4F5D2224DAF100B98C82 /* CameraHandler.swift */,
				B60352302219A1690070583B /* Info.plist */,
				B6D75A1A22272BB30051193D /* GoogleService-Info.plist */,
			);
			name = "Supporting Files";
			sourceTree = "<group>";
		};
		B6035241221A602E0070583B /* Model */ = {
			isa = PBXGroup;
			children = (
				B6035244221A61CB0070583B /* SpeciesRaces.swift */,
				B6035242221A603F0070583B /* Pet.swift */,
			);
			name = Model;
			sourceTree = "<group>";
		};
		B62C4F472223751600B98C82 /* View */ = {
			isa = PBXGroup;
			children = (
				B603522D2219A1690070583B /* LaunchScreen.storyboard */,
				B60352282219A1680070583B /* Main.storyboard */,
				B62C4F5222237EF800B98C82 /* Pet Cell */,
				B62C4F4D22237E9D00B98C82 /* AddPet Cell (DEPRECATED) */,
				B66BB0D7222C53A000E65473 /* Red Alert PopView */,
			);
			name = View;
			sourceTree = "<group>";
		};
		B62C4F4D22237E9D00B98C82 /* AddPet Cell (DEPRECATED) */ = {
			isa = PBXGroup;
			children = (
				B62C4F5322237F1500B98C82 /* AddPetCell.swift */,
				B62C4F5422237F1500B98C82 /* AddPetCell.xib */,
			);
			name = "AddPet Cell (DEPRECATED)";
			sourceTree = "<group>";
		};
		B62C4F5222237EF800B98C82 /* Pet Cell */ = {
			isa = PBXGroup;
			children = (
				B62C4F4E22237EEE00B98C82 /* PetCell.swift */,
				B62C4F4F22237EEE00B98C82 /* PetCell.xib */,
			);
			name = "Pet Cell";
			sourceTree = "<group>";
		};
		B66BB0D7222C53A000E65473 /* Red Alert PopView */ = {
			isa = PBXGroup;
			children = (
				B66BB0D8222C53D200E65473 /* RedAlertPop.swift */,
				B66BB0D9222C53D200E65473 /* RedAlertPop.xib */,
			);
			name = "Red Alert PopView";
			sourceTree = "<group>";
		};
		B678992E22277CBF0097530C /* Fonts */ = {
			isa = PBXGroup;
			children = (
				B678993022277CE80097530C /* Fredoka dingbats.otf */,
				B678992F22277CE70097530C /* FredokaOne-Regular.otf */,
			);
			path = Fonts;
			sourceTree = "<group>";
		};
		C1FF455A77817EE245388CB8 /* Pods */ = {
			isa = PBXGroup;
			children = (
				509AB7DDBF5D9F8D89D8B02F /* Pods-VetApp.debug.xcconfig */,
				F4AFCDCE617D39C73118DCD3 /* Pods-VetApp.release.xcconfig */,
			);
			path = Pods;
			sourceTree = "<group>";
		};
		F7AFACA2385808FD3F0DB19E /* Frameworks */ = {
			isa = PBXGroup;
			children = (
				C3EF37773E16A7B4A8B41595 /* Pods_VetApp.framework */,
			);
			name = Frameworks;
			sourceTree = "<group>";
		};
/* End PBXGroup section */

/* Begin PBXNativeTarget section */
		B603521E2219A1680070583B /* VetApp */ = {
			isa = PBXNativeTarget;
			buildConfigurationList = B60352332219A1690070583B /* Build configuration list for PBXNativeTarget "VetApp" */;
			buildPhases = (
				AE6C4BDDBA55BB86A8BAE2B8 /* [CP] Check Pods Manifest.lock */,
				B603521B2219A1680070583B /* Sources */,
				B603521C2219A1680070583B /* Frameworks */,
				B603521D2219A1680070583B /* Resources */,
				76A6A569810CE6FC504466EE /* [CP] Embed Pods Frameworks */,
				B0908066D92E010DE7F9DCB9 /* [CP] Copy Pods Resources */,
			);
			buildRules = (
			);
			dependencies = (
			);
			name = VetApp;
			productName = VetApp;
			productReference = B603521F2219A1680070583B /* VetApp.app */;
			productType = "com.apple.product-type.application";
		};
/* End PBXNativeTarget section */

/* Begin PBXProject section */
		B60352172219A1670070583B /* Project object */ = {
			isa = PBXProject;
			attributes = {
				LastSwiftUpdateCheck = 1010;
				LastUpgradeCheck = 1010;
				ORGANIZATIONNAME = "Felipe Del Canto";
				TargetAttributes = {
					B603521E2219A1680070583B = {
						CreatedOnToolsVersion = 10.1;
						SystemCapabilities = {
							com.apple.Keychain = {
								enabled = 1;
							};
						};
					};
				};
			};
			buildConfigurationList = B603521A2219A1670070583B /* Build configuration list for PBXProject "VetApp" */;
			compatibilityVersion = "Xcode 9.3";
			developmentRegion = en;
			hasScannedForEncodings = 0;
			knownRegions = (
				Base,
			);
			mainGroup = B60352162219A1670070583B;
			productRefGroup = B60352202219A1680070583B /* Products */;
			projectDirPath = "";
			projectRoot = "";
			targets = (
				B603521E2219A1680070583B /* VetApp */,
			);
		};
/* End PBXProject section */

/* Begin PBXResourcesBuildPhase section */
		B603521D2219A1680070583B /* Resources */ = {
			isa = PBXResourcesBuildPhase;
			buildActionMask = 2147483647;
			files = (
				B678993122277CE80097530C /* FredokaOne-Regular.otf in Resources */,
				B603522F2219A1690070583B /* LaunchScreen.storyboard in Resources */,
				B62C4F5622237F1500B98C82 /* AddPetCell.xib in Resources */,
				B678993222277CE80097530C /* Fredoka dingbats.otf in Resources */,
				B62C4F5122237EEE00B98C82 /* PetCell.xib in Resources */,
				B603522C2219A1690070583B /* Assets.xcassets in Resources */,
				B66BB0DB222C53D200E65473 /* RedAlertPop.xib in Resources */,
				B603522A2219A1680070583B /* Main.storyboard in Resources */,
				B6D75A1B22272BB40051193D /* GoogleService-Info.plist in Resources */,
			);
			runOnlyForDeploymentPostprocessing = 0;
		};
/* End PBXResourcesBuildPhase section */

/* Begin PBXShellScriptBuildPhase section */
		76A6A569810CE6FC504466EE /* [CP] Embed Pods Frameworks */ = {
			isa = PBXShellScriptBuildPhase;
			buildActionMask = 2147483647;
			files = (
			);
			inputFileListPaths = (
			);
			inputPaths = (
				"${PODS_ROOT}/Target Support Files/Pods-VetApp/Pods-VetApp-frameworks.sh",
				"${BUILT_PRODUCTS_DIR}/Bolts/Bolts.framework",
				"${BUILT_PRODUCTS_DIR}/BoringSSL-GRPC/openssl_grpc.framework",
				"${BUILT_PRODUCTS_DIR}/ChameleonFramework/ChameleonFramework.framework",
				"${BUILT_PRODUCTS_DIR}/FBSDKCoreKit/FBSDKCoreKit.framework",
				"${BUILT_PRODUCTS_DIR}/FBSDKLoginKit/FBSDKLoginKit.framework",
				"${BUILT_PRODUCTS_DIR}/GTMSessionFetcher/GTMSessionFetcher.framework",
				"${BUILT_PRODUCTS_DIR}/GoogleToolboxForMac/GoogleToolboxForMac.framework",
				"${BUILT_PRODUCTS_DIR}/GoogleUtilities/GoogleUtilities.framework",
				"${BUILT_PRODUCTS_DIR}/Protobuf/Protobuf.framework",
				"${BUILT_PRODUCTS_DIR}/SDWebImage/SDWebImage.framework",
				"${BUILT_PRODUCTS_DIR}/SVProgressHUD/SVProgressHUD.framework",
				"${PODS_ROOT}/TwitterCore/iOS/TwitterCore.framework",
				"${PODS_ROOT}/TwitterKit/iOS/TwitterKit.framework",
				"${BUILT_PRODUCTS_DIR}/gRPC-C++/grpcpp.framework",
				"${BUILT_PRODUCTS_DIR}/gRPC-Core/grpc.framework",
				"${BUILT_PRODUCTS_DIR}/leveldb-library/leveldb.framework",
				"${BUILT_PRODUCTS_DIR}/nanopb/nanopb.framework",
			);
			name = "[CP] Embed Pods Frameworks";
			outputFileListPaths = (
			);
			outputPaths = (
				"${TARGET_BUILD_DIR}/${FRAMEWORKS_FOLDER_PATH}/Bolts.framework",
				"${TARGET_BUILD_DIR}/${FRAMEWORKS_FOLDER_PATH}/openssl_grpc.framework",
				"${TARGET_BUILD_DIR}/${FRAMEWORKS_FOLDER_PATH}/ChameleonFramework.framework",
				"${TARGET_BUILD_DIR}/${FRAMEWORKS_FOLDER_PATH}/FBSDKCoreKit.framework",
				"${TARGET_BUILD_DIR}/${FRAMEWORKS_FOLDER_PATH}/FBSDKLoginKit.framework",
				"${TARGET_BUILD_DIR}/${FRAMEWORKS_FOLDER_PATH}/GTMSessionFetcher.framework",
				"${TARGET_BUILD_DIR}/${FRAMEWORKS_FOLDER_PATH}/GoogleToolboxForMac.framework",
				"${TARGET_BUILD_DIR}/${FRAMEWORKS_FOLDER_PATH}/GoogleUtilities.framework",
				"${TARGET_BUILD_DIR}/${FRAMEWORKS_FOLDER_PATH}/Protobuf.framework",
				"${TARGET_BUILD_DIR}/${FRAMEWORKS_FOLDER_PATH}/SDWebImage.framework",
				"${TARGET_BUILD_DIR}/${FRAMEWORKS_FOLDER_PATH}/SVProgressHUD.framework",
				"${TARGET_BUILD_DIR}/${FRAMEWORKS_FOLDER_PATH}/TwitterCore.framework",
				"${TARGET_BUILD_DIR}/${FRAMEWORKS_FOLDER_PATH}/TwitterKit.framework",
				"${TARGET_BUILD_DIR}/${FRAMEWORKS_FOLDER_PATH}/grpcpp.framework",
				"${TARGET_BUILD_DIR}/${FRAMEWORKS_FOLDER_PATH}/grpc.framework",
				"${TARGET_BUILD_DIR}/${FRAMEWORKS_FOLDER_PATH}/leveldb.framework",
				"${TARGET_BUILD_DIR}/${FRAMEWORKS_FOLDER_PATH}/nanopb.framework",
			);
			runOnlyForDeploymentPostprocessing = 0;
			shellPath = /bin/sh;
			shellScript = "\"${PODS_ROOT}/Target Support Files/Pods-VetApp/Pods-VetApp-frameworks.sh\"\n";
			showEnvVarsInLog = 0;
		};
		AE6C4BDDBA55BB86A8BAE2B8 /* [CP] Check Pods Manifest.lock */ = {
			isa = PBXShellScriptBuildPhase;
			buildActionMask = 2147483647;
			files = (
			);
			inputFileListPaths = (
			);
			inputPaths = (
				"${PODS_PODFILE_DIR_PATH}/Podfile.lock",
				"${PODS_ROOT}/Manifest.lock",
			);
			name = "[CP] Check Pods Manifest.lock";
			outputFileListPaths = (
			);
			outputPaths = (
				"$(DERIVED_FILE_DIR)/Pods-VetApp-checkManifestLockResult.txt",
			);
			runOnlyForDeploymentPostprocessing = 0;
			shellPath = /bin/sh;
			shellScript = "diff \"${PODS_PODFILE_DIR_PATH}/Podfile.lock\" \"${PODS_ROOT}/Manifest.lock\" > /dev/null\nif [ $? != 0 ] ; then\n    # print error to STDERR\n    echo \"error: The sandbox is not in sync with the Podfile.lock. Run 'pod install' or update your CocoaPods installation.\" >&2\n    exit 1\nfi\n# This output is used by Xcode 'outputs' to avoid re-running this script phase.\necho \"SUCCESS\" > \"${SCRIPT_OUTPUT_FILE_0}\"\n";
			showEnvVarsInLog = 0;
		};
		B0908066D92E010DE7F9DCB9 /* [CP] Copy Pods Resources */ = {
			isa = PBXShellScriptBuildPhase;
			buildActionMask = 2147483647;
			files = (
			);
			inputFileListPaths = (
			);
			inputPaths = (
				"${PODS_ROOT}/Target Support Files/Pods-VetApp/Pods-VetApp-resources.sh",
				"${PODS_CONFIGURATION_BUILD_DIR}/FirebaseUI/FirebaseAnonymousAuthUI.bundle",
				"${PODS_CONFIGURATION_BUILD_DIR}/FirebaseUI/FirebaseAuthUI.bundle",
				"${PODS_CONFIGURATION_BUILD_DIR}/FirebaseUI/FirebaseEmailAuthUI.bundle",
				"${PODS_CONFIGURATION_BUILD_DIR}/FirebaseUI/FirebaseFacebookAuthUI.bundle",
				"${PODS_CONFIGURATION_BUILD_DIR}/FirebaseUI/FirebaseGoogleAuthUI.bundle",
				"${PODS_CONFIGURATION_BUILD_DIR}/FirebaseUI/FirebasePhoneAuthUI.bundle",
				"${PODS_CONFIGURATION_BUILD_DIR}/FirebaseUI/FirebaseTwitterAuthUI.bundle",
				"${PODS_ROOT}/GoogleSignIn/Resources/GoogleSignIn.bundle",
				"${PODS_ROOT}/TwitterKit/iOS/TwitterKit.framework/TwitterKitResources.bundle",
			);
			name = "[CP] Copy Pods Resources";
			outputFileListPaths = (
			);
			outputPaths = (
				"${TARGET_BUILD_DIR}/${UNLOCALIZED_RESOURCES_FOLDER_PATH}/FirebaseAnonymousAuthUI.bundle",
				"${TARGET_BUILD_DIR}/${UNLOCALIZED_RESOURCES_FOLDER_PATH}/FirebaseAuthUI.bundle",
				"${TARGET_BUILD_DIR}/${UNLOCALIZED_RESOURCES_FOLDER_PATH}/FirebaseEmailAuthUI.bundle",
				"${TARGET_BUILD_DIR}/${UNLOCALIZED_RESOURCES_FOLDER_PATH}/FirebaseFacebookAuthUI.bundle",
				"${TARGET_BUILD_DIR}/${UNLOCALIZED_RESOURCES_FOLDER_PATH}/FirebaseGoogleAuthUI.bundle",
				"${TARGET_BUILD_DIR}/${UNLOCALIZED_RESOURCES_FOLDER_PATH}/FirebasePhoneAuthUI.bundle",
				"${TARGET_BUILD_DIR}/${UNLOCALIZED_RESOURCES_FOLDER_PATH}/FirebaseTwitterAuthUI.bundle",
				"${TARGET_BUILD_DIR}/${UNLOCALIZED_RESOURCES_FOLDER_PATH}/GoogleSignIn.bundle",
				"${TARGET_BUILD_DIR}/${UNLOCALIZED_RESOURCES_FOLDER_PATH}/TwitterKitResources.bundle",
			);
			runOnlyForDeploymentPostprocessing = 0;
			shellPath = /bin/sh;
			shellScript = "\"${PODS_ROOT}/Target Support Files/Pods-VetApp/Pods-VetApp-resources.sh\"\n";
			showEnvVarsInLog = 0;
		};
/* End PBXShellScriptBuildPhase section */

/* Begin PBXSourcesBuildPhase section */
		B603521B2219A1680070583B /* Sources */ = {
			isa = PBXSourcesBuildPhase;
			buildActionMask = 2147483647;
			files = (
				B6035240221A4A840070583B /* SettingsController.swift in Sources */,
				B62C4F5022237EEE00B98C82 /* PetCell.swift in Sources */,
				B60352272219A1680070583B /* DashboardController.swift in Sources */,
				B60352232219A1680070583B /* AppDelegate.swift in Sources */,
				B6035243221A603F0070583B /* Pet.swift in Sources */,
				B6773FFF2229E83C008F8BF2 /* RegisterController.swift in Sources */,
				B681EFD4221B3D8500661118 /* ConfigPetController.swift in Sources */,
				B62C4F642225EA4E00B98C82 /* AuthenticationController.swift in Sources */,
				B62C4F5E2224DAF100B98C82 /* CameraHandler.swift in Sources */,
				B62877B8222DBA990018EFEC /* AuthenticationManager.swift in Sources */,
				B62C4F5C222444B200B98C82 /* Extensions.swift in Sources */,
				B60352392219A6880070583B /* VetController.swift in Sources */,
				B60352252219A1680070583B /* PetController.swift in Sources */,
				B62C4F5522237F1500B98C82 /* AddPetCell.swift in Sources */,
				B66BB0DA222C53D200E65473 /* RedAlertPop.swift in Sources */,
				B6035245221A61CB0070583B /* SpeciesRaces.swift in Sources */,
			);
			runOnlyForDeploymentPostprocessing = 0;
		};
/* End PBXSourcesBuildPhase section */

/* Begin PBXVariantGroup section */
		B60352282219A1680070583B /* Main.storyboard */ = {
			isa = PBXVariantGroup;
			children = (
				B60352292219A1680070583B /* Base */,
				B6773FFD2229CFBC008F8BF2 /* en */,
			);
			name = Main.storyboard;
			sourceTree = "<group>";
		};
		B603522D2219A1690070583B /* LaunchScreen.storyboard */ = {
			isa = PBXVariantGroup;
			children = (
				B603522E2219A1690070583B /* Base */,
				B6773FFC2229CFBA008F8BF2 /* en */,
			);
			name = LaunchScreen.storyboard;
			sourceTree = "<group>";
		};
/* End PBXVariantGroup section */

/* Begin XCBuildConfiguration section */
		B60352312219A1690070583B /* Debug */ = {
			isa = XCBuildConfiguration;
			buildSettings = {
				ALWAYS_SEARCH_USER_PATHS = NO;
				CLANG_ANALYZER_LOCALIZABILITY_NONLOCALIZED = YES;
				CLANG_ANALYZER_NONNULL = YES;
				CLANG_ANALYZER_NUMBER_OBJECT_CONVERSION = YES_AGGRESSIVE;
				CLANG_CXX_LANGUAGE_STANDARD = "gnu++14";
				CLANG_CXX_LIBRARY = "libc++";
				CLANG_ENABLE_MODULES = YES;
				CLANG_ENABLE_OBJC_ARC = YES;
				CLANG_ENABLE_OBJC_WEAK = YES;
				CLANG_WARN_BLOCK_CAPTURE_AUTORELEASING = YES;
				CLANG_WARN_BOOL_CONVERSION = YES;
				CLANG_WARN_COMMA = YES;
				CLANG_WARN_CONSTANT_CONVERSION = YES;
				CLANG_WARN_DEPRECATED_OBJC_IMPLEMENTATIONS = YES;
				CLANG_WARN_DIRECT_OBJC_ISA_USAGE = YES_ERROR;
				CLANG_WARN_DOCUMENTATION_COMMENTS = YES;
				CLANG_WARN_EMPTY_BODY = YES;
				CLANG_WARN_ENUM_CONVERSION = YES;
				CLANG_WARN_INFINITE_RECURSION = YES;
				CLANG_WARN_INT_CONVERSION = YES;
				CLANG_WARN_NON_LITERAL_NULL_CONVERSION = YES;
				CLANG_WARN_OBJC_IMPLICIT_RETAIN_SELF = YES;
				CLANG_WARN_OBJC_LITERAL_CONVERSION = YES;
				CLANG_WARN_OBJC_ROOT_CLASS = YES_ERROR;
				CLANG_WARN_RANGE_LOOP_ANALYSIS = YES;
				CLANG_WARN_STRICT_PROTOTYPES = YES;
				CLANG_WARN_SUSPICIOUS_MOVE = YES;
				CLANG_WARN_UNGUARDED_AVAILABILITY = YES_AGGRESSIVE;
				CLANG_WARN_UNREACHABLE_CODE = YES;
				CLANG_WARN__DUPLICATE_METHOD_MATCH = YES;
				CODE_SIGN_IDENTITY = "iPhone Developer";
				COPY_PHASE_STRIP = NO;
				DEBUG_INFORMATION_FORMAT = dwarf;
				ENABLE_STRICT_OBJC_MSGSEND = YES;
				ENABLE_TESTABILITY = YES;
				GCC_C_LANGUAGE_STANDARD = gnu11;
				GCC_DYNAMIC_NO_PIC = NO;
				GCC_NO_COMMON_BLOCKS = YES;
				GCC_OPTIMIZATION_LEVEL = 0;
				GCC_PREPROCESSOR_DEFINITIONS = (
					"DEBUG=1",
					"$(inherited)",
				);
				GCC_WARN_64_TO_32_BIT_CONVERSION = YES;
				GCC_WARN_ABOUT_RETURN_TYPE = YES_ERROR;
				GCC_WARN_UNDECLARED_SELECTOR = YES;
				GCC_WARN_UNINITIALIZED_AUTOS = YES_AGGRESSIVE;
				GCC_WARN_UNUSED_FUNCTION = YES;
				GCC_WARN_UNUSED_VARIABLE = YES;
				IPHONEOS_DEPLOYMENT_TARGET = 12.1;
				MTL_ENABLE_DEBUG_INFO = INCLUDE_SOURCE;
				MTL_FAST_MATH = YES;
				ONLY_ACTIVE_ARCH = YES;
				SDKROOT = iphoneos;
				SWIFT_ACTIVE_COMPILATION_CONDITIONS = DEBUG;
				SWIFT_OPTIMIZATION_LEVEL = "-Onone";
			};
			name = Debug;
		};
		B60352322219A1690070583B /* Release */ = {
			isa = XCBuildConfiguration;
			buildSettings = {
				ALWAYS_SEARCH_USER_PATHS = NO;
				CLANG_ANALYZER_LOCALIZABILITY_NONLOCALIZED = YES;
				CLANG_ANALYZER_NONNULL = YES;
				CLANG_ANALYZER_NUMBER_OBJECT_CONVERSION = YES_AGGRESSIVE;
				CLANG_CXX_LANGUAGE_STANDARD = "gnu++14";
				CLANG_CXX_LIBRARY = "libc++";
				CLANG_ENABLE_MODULES = YES;
				CLANG_ENABLE_OBJC_ARC = YES;
				CLANG_ENABLE_OBJC_WEAK = YES;
				CLANG_WARN_BLOCK_CAPTURE_AUTORELEASING = YES;
				CLANG_WARN_BOOL_CONVERSION = YES;
				CLANG_WARN_COMMA = YES;
				CLANG_WARN_CONSTANT_CONVERSION = YES;
				CLANG_WARN_DEPRECATED_OBJC_IMPLEMENTATIONS = YES;
				CLANG_WARN_DIRECT_OBJC_ISA_USAGE = YES_ERROR;
				CLANG_WARN_DOCUMENTATION_COMMENTS = YES;
				CLANG_WARN_EMPTY_BODY = YES;
				CLANG_WARN_ENUM_CONVERSION = YES;
				CLANG_WARN_INFINITE_RECURSION = YES;
				CLANG_WARN_INT_CONVERSION = YES;
				CLANG_WARN_NON_LITERAL_NULL_CONVERSION = YES;
				CLANG_WARN_OBJC_IMPLICIT_RETAIN_SELF = YES;
				CLANG_WARN_OBJC_LITERAL_CONVERSION = YES;
				CLANG_WARN_OBJC_ROOT_CLASS = YES_ERROR;
				CLANG_WARN_RANGE_LOOP_ANALYSIS = YES;
				CLANG_WARN_STRICT_PROTOTYPES = YES;
				CLANG_WARN_SUSPICIOUS_MOVE = YES;
				CLANG_WARN_UNGUARDED_AVAILABILITY = YES_AGGRESSIVE;
				CLANG_WARN_UNREACHABLE_CODE = YES;
				CLANG_WARN__DUPLICATE_METHOD_MATCH = YES;
				CODE_SIGN_IDENTITY = "iPhone Developer";
				COPY_PHASE_STRIP = NO;
				DEBUG_INFORMATION_FORMAT = "dwarf-with-dsym";
				ENABLE_NS_ASSERTIONS = NO;
				ENABLE_STRICT_OBJC_MSGSEND = YES;
				GCC_C_LANGUAGE_STANDARD = gnu11;
				GCC_NO_COMMON_BLOCKS = YES;
				GCC_WARN_64_TO_32_BIT_CONVERSION = YES;
				GCC_WARN_ABOUT_RETURN_TYPE = YES_ERROR;
				GCC_WARN_UNDECLARED_SELECTOR = YES;
				GCC_WARN_UNINITIALIZED_AUTOS = YES_AGGRESSIVE;
				GCC_WARN_UNUSED_FUNCTION = YES;
				GCC_WARN_UNUSED_VARIABLE = YES;
				IPHONEOS_DEPLOYMENT_TARGET = 12.1;
				MTL_ENABLE_DEBUG_INFO = NO;
				MTL_FAST_MATH = YES;
				SDKROOT = iphoneos;
				SWIFT_COMPILATION_MODE = wholemodule;
				SWIFT_OPTIMIZATION_LEVEL = "-O";
				VALIDATE_PRODUCT = YES;
			};
			name = Release;
		};
		B60352342219A1690070583B /* Debug */ = {
			isa = XCBuildConfiguration;
			baseConfigurationReference = 509AB7DDBF5D9F8D89D8B02F /* Pods-VetApp.debug.xcconfig */;
			buildSettings = {
				ASSETCATALOG_COMPILER_APPICON_NAME = AppIcon;
				CODE_SIGN_ENTITLEMENTS = VetApp/VetApp.entitlements;
				CODE_SIGN_STYLE = Automatic;
				DEVELOPMENT_TEAM = 2D86RYF628;
				INFOPLIST_FILE = VetApp/Info.plist;
				IPHONEOS_DEPLOYMENT_TARGET = 12.1;
				LD_RUNPATH_SEARCH_PATHS = (
					"$(inherited)",
					"@executable_path/Frameworks",
				);
				PRODUCT_BUNDLE_IDENTIFIER = com.brokenkeystudios.VetApp;
				PRODUCT_NAME = "$(TARGET_NAME)";
				SWIFT_VERSION = 4.2;
				TARGETED_DEVICE_FAMILY = "1,2";
			};
			name = Debug;
		};
		B60352352219A1690070583B /* Release */ = {
			isa = XCBuildConfiguration;
			baseConfigurationReference = F4AFCDCE617D39C73118DCD3 /* Pods-VetApp.release.xcconfig */;
			buildSettings = {
				ASSETCATALOG_COMPILER_APPICON_NAME = AppIcon;
				CODE_SIGN_ENTITLEMENTS = VetApp/VetApp.entitlements;
				CODE_SIGN_STYLE = Automatic;
				DEVELOPMENT_TEAM = 2D86RYF628;
				INFOPLIST_FILE = VetApp/Info.plist;
				IPHONEOS_DEPLOYMENT_TARGET = 12.1;
				LD_RUNPATH_SEARCH_PATHS = (
					"$(inherited)",
					"@executable_path/Frameworks",
				);
				PRODUCT_BUNDLE_IDENTIFIER = com.brokenkeystudios.VetApp;
				PRODUCT_NAME = "$(TARGET_NAME)";
				SWIFT_VERSION = 4.2;
				TARGETED_DEVICE_FAMILY = "1,2";
			};
			name = Release;
		};
/* End XCBuildConfiguration section */

/* Begin XCConfigurationList section */
		B603521A2219A1670070583B /* Build configuration list for PBXProject "VetApp" */ = {
			isa = XCConfigurationList;
			buildConfigurations = (
				B60352312219A1690070583B /* Debug */,
				B60352322219A1690070583B /* Release */,
			);
			defaultConfigurationIsVisible = 0;
			defaultConfigurationName = Release;
		};
		B60352332219A1690070583B /* Build configuration list for PBXNativeTarget "VetApp" */ = {
			isa = XCConfigurationList;
			buildConfigurations = (
				B60352342219A1690070583B /* Debug */,
				B60352352219A1690070583B /* Release */,
			);
			defaultConfigurationIsVisible = 0;
			defaultConfigurationName = Release;
		};
/* End XCConfigurationList section */
	};
	rootObject = B60352172219A1670070583B /* Project object */;
}
